
Microsoft Visual Studio Solution File, Format Version 12.00
# Visual Studio Version 16
VisualStudioVersion = 16.0.28606.126
MinimumVisualStudioVersion = 10.0.40219.1
Project("{FAE04EC0-301F-11D3-BF4B-00C04F79EFBC}") = "Rx", "Rx\Rx.csproj", "{EAFB779C-8EA5-4AB0-8DBB-E588094225BB}"
EndProject
Project("{FAE04EC0-301F-11D3-BF4B-00C04F79EFBC}") = "Rx_WinForm", "Rx_WinForm\Rx_WinForm.csproj", "{55D0BBC6-AB01-4454-875C-905677A13BF7}"
EndProject
Project("{FAE04EC0-301F-11D3-BF4B-00C04F79EFBC}") = "Event Example", "EventExample\Event Example.csproj", "{208049C6-AEE8-4784-9CC5-5940C03E8CD4}"
EndProject
Project("{FAE04EC0-301F-11D3-BF4B-00C04F79EFBC}") = "Algorithms", "Algorithms\Algorithms.csproj", "{E1AE777D-339B-48C0-A50F-CF74EAB696C8}"
EndProject
Project("{2150E333-8FDC-42A3-9474-1A3956D46DE8}") = "Remoting", "Remoting", "{B1954B13-F2CD-44C5-88AF-9BFB442DB7E4}"
EndProject
Project("{FAE04EC0-301F-11D3-BF4B-00C04F79EFBC}") = "RemotingServer", "RemotingServer\RemotingServer.csproj", "{1DCB3942-6D82-4C7A-BF10-EA848EF270D2}"
EndProject
Project("{FAE04EC0-301F-11D3-BF4B-00C04F79EFBC}") = "RemotingClient", "RemotingClient\RemotingClient.csproj", "{5D1F8B0C-8668-4243-AC6B-15F5B08B9B81}"
EndProject
Project("{FAE04EC0-301F-11D3-BF4B-00C04F79EFBC}") = "RemotingObject", "RemotingObject\RemotingObject.csproj", "{CF39B947-B91A-4582-93A8-4F9C1260337F}"
EndProject
Project("{2150E333-8FDC-42A3-9474-1A3956D46DE8}") = "Socket", "Socket", "{92338680-B1F3-4DF7-9EFC-A87EDD240D55}"
EndProject
Project("{FAE04EC0-301F-11D3-BF4B-00C04F79EFBC}") = "SocketServer", "SocketServer\SocketServer.csproj", "{81D3C689-ABD9-4C70-A991-E59D40F1F522}"
EndProject
Project("{FAE04EC0-301F-11D3-BF4B-00C04F79EFBC}") = "SocketClient", "SocketClient\SocketClient.csproj", "{8EE2407A-3A4A-4845-96FC-DE7360D62ED0}"
EndProject
Project("{2150E333-8FDC-42A3-9474-1A3956D46DE8}") = "MultiThread", "MultiThread", "{A804FC25-B219-4185-BEAF-6692C141D2D2}"
EndProject
Project("{FAE04EC0-301F-11D3-BF4B-00C04F79EFBC}") = "Mutex", "Mutex\Mutex.csproj", "{886D1A7A-90BE-4470-9782-16D2683681B8}"
EndProject
Project("{FAE04EC0-301F-11D3-BF4B-00C04F79EFBC}") = "Ninject", "Ninject\Ninject.csproj", "{DF40ECE2-DEC3-4053-9ED1-E0F87A355274}"
EndProject
Project("{FAE04EC0-301F-11D3-BF4B-00C04F79EFBC}") = "Reflection", "Reflection\Reflection.csproj", "{BFB8BE51-ACD2-4A26-A166-B3829E8E846D}"
	ProjectSection(ProjectDependencies) = postProject
		{903207AD-E24A-4917-88F6-BADBF122932D} = {903207AD-E24A-4917-88F6-BADBF122932D}
		{A5C574BB-D91A-4C5C-94E1-AD165D881C15} = {A5C574BB-D91A-4C5C-94E1-AD165D881C15}
		{7DF69AE8-2002-41EB-97F5-920F824296F4} = {7DF69AE8-2002-41EB-97F5-920F824296F4}
	EndProjectSection
EndProject
Project("{2150E333-8FDC-42A3-9474-1A3956D46DE8}") = "Reflection_", "Reflection_", "{939ACD27-E0F6-4502-83A5-9C35C7A6993B}"
EndProject
Project("{FAE04EC0-301F-11D3-BF4B-00C04F79EFBC}") = "Hello.zh-cn", "Hello.zh-cn\Hello.zh-cn.csproj", "{A5C574BB-D91A-4C5C-94E1-AD165D881C15}"
EndProject
Project("{FAE04EC0-301F-11D3-BF4B-00C04F79EFBC}") = "Hello.en-us", "Hello.en-us\Hello.en-us.csproj", "{7DF69AE8-2002-41EB-97F5-920F824296F4}"
EndProject
Project("{FAE04EC0-301F-11D3-BF4B-00C04F79EFBC}") = "Hello.Interface", "Hello.Interface\Hello.Interface.csproj", "{09E9FF74-1365-43BD-A349-481159CDE522}"
EndProject
Project("{FAE04EC0-301F-11D3-BF4B-00C04F79EFBC}") = "Hello.zh-cn_V2", "Hello.zh-cn_V2\Hello.zh-cn_V2.csproj", "{903207AD-E24A-4917-88F6-BADBF122932D}"
EndProject
Project("{FAE04EC0-301F-11D3-BF4B-00C04F79EFBC}") = "HttpHandlerAndModule", "HttpHandlerAndModule\HttpHandlerAndModule.csproj", "{117E752F-A7C0-4665-950D-8CE35360DA1C}"
EndProject
Project("{FAE04EC0-301F-11D3-BF4B-00C04F79EFBC}") = "MyHandlerAndModule", "MyHandlerAndModule\MyHandlerAndModule.csproj", "{24EC9512-3AAA-4E63-B1C8-43EAC44822EC}"
EndProject
Project("{2150E333-8FDC-42A3-9474-1A3956D46DE8}") = "HttpHandlerAndModule_", "HttpHandlerAndModule_", "{C4C164B8-4C1B-47DC-96C6-11B1268CE2C0}"
EndProject
Project("{FAE04EC0-301F-11D3-BF4B-00C04F79EFBC}") = "AsyncWithProgress", "AsyncWithProgress\AsyncWithProgress.csproj", "{A1086A66-0294-41D6-A4F1-26BAE144540C}"
EndProject
Project("{FAE04EC0-301F-11D3-BF4B-00C04F79EFBC}") = "APMPattern", "APMPattern\APMPattern.csproj", "{A826B39B-97FE-41E8-A4C4-EA327828645C}"
EndProject
Project("{FAE04EC0-301F-11D3-BF4B-00C04F79EFBC}") = "AsyncDeadlock", "AsyncDeadlock\AsyncDeadlock.csproj", "{1AA994ED-F029-4940-909F-C6AD737FF4CF}"
EndProject
Project("{FAE04EC0-301F-11D3-BF4B-00C04F79EFBC}") = "AsyncWithProgress1", "AsyncWithProgress1\AsyncWithProgress1.csproj", "{38DA9152-7823-4708-8B5F-E8D6052086FF}"
EndProject
Project("{FAE04EC0-301F-11D3-BF4B-00C04F79EFBC}") = "MultiValueDictionary", "MultiValueDictionary\MultiValueDictionary.csproj", "{CFC4FE4D-4828-439A-A96F-295D98E9D3A6}"
EndProject
Project("{2150E333-8FDC-42A3-9474-1A3956D46DE8}") = "TCP", "TCP", "{E9ED74CC-3C43-42D2-BA10-D2D0A8F5EDAA}"
EndProject
Project("{FAE04EC0-301F-11D3-BF4B-00C04F79EFBC}") = "TcpClientDemo", "TcpClientDemo\TcpClientDemo.csproj", "{1DDE4902-DE74-4FE2-A1B7-BA33AC2121A5}"
EndProject
Project("{FAE04EC0-301F-11D3-BF4B-00C04F79EFBC}") = "TcpListenerDemo", "TcpListenerDemo\TcpListenerDemo.csproj", "{3C39A648-6976-4A3F-9606-7BB97B8C15D4}"
EndProject
Project("{FAE04EC0-301F-11D3-BF4B-00C04F79EFBC}") = "CSharp", "CSharp\CSharp.csproj", "{2FA54D1A-104D-4403-BB94-01F3A6037D06}"
EndProject
Project("{2150E333-8FDC-42A3-9474-1A3956D46DE8}") = "Web", "Web", "{11552831-BBF2-45E2-B0BD-6025AEA1CCBB}"
EndProject
Project("{9A19103F-16F7-4668-BE54-9A1E7A4F7556}") = "ML", "ML\ML.csproj", "{2954DA38-23A2-47C4-8336-38F7518A2AEC}"
EndProject
Project("{6EC3EE1D-3C4E-46DD-8F32-0CC8E7565705}") = "FSharpTest", "FSharpTest\FSharpTest.fsproj", "{4460B69A-34B6-4731-A49E-CE33869B4F57}"
EndProject
Project("{2150E333-8FDC-42A3-9474-1A3956D46DE8}") = "Socket2", "Socket2", "{5421BE56-503E-4461-A130-7DAA2A32E1F0}"
EndProject
Project("{FAE04EC0-301F-11D3-BF4B-00C04F79EFBC}") = "ServerConsole", "ServerConsole\ServerConsole.csproj", "{A37A2E9C-D510-40D1-89E1-AA8F67A7A959}"
EndProject
Project("{FAE04EC0-301F-11D3-BF4B-00C04F79EFBC}") = "ClientConsole", "ClientConsole\ClientConsole.csproj", "{97BF7B57-E410-4E39-9960-6591E0D3C5B7}"
EndProject
Project("{FAE04EC0-301F-11D3-BF4B-00C04F79EFBC}") = "Common", "Common\Common.csproj", "{F5C1325F-93AC-419F-BAEB-7ECC6F11E120}"
EndProject
Project("{2150E333-8FDC-42A3-9474-1A3956D46DE8}") = "SocketFileServer", "SocketFileServer", "{17157884-A894-4AF4-B0E6-2590C980AB3E}"
EndProject
Project("{FAE04EC0-301F-11D3-BF4B-00C04F79EFBC}") = "Server", "Server\Server.csproj", "{89776AD0-C74A-47B8-9E29-6977E335E944}"
EndProject
Project("{FAE04EC0-301F-11D3-BF4B-00C04F79EFBC}") = "Client", "Client\Client.csproj", "{AF2BB03B-3EAC-4A1E-AD6E-4B318F2774C4}"
EndProject
Project("{FAE04EC0-301F-11D3-BF4B-00C04F79EFBC}") = "SocketFileServer.Common", "SocketFileServer.Common\SocketFileServer.Common.csproj", "{F7390833-9FC1-433A-9BF1-4F2AB1BDBA66}"
EndProject
Project("{FAE04EC0-301F-11D3-BF4B-00C04F79EFBC}") = "CoreTest", "CoreTest\CoreTest.csproj", "{D2803AF2-3CD7-4102-BB74-063BC420259B}"
EndProject
Global
	GlobalSection(SolutionConfigurationPlatforms) = preSolution
		Debug|Any CPU = Debug|Any CPU
		Release|Any CPU = Release|Any CPU
	EndGlobalSection
	GlobalSection(ProjectConfigurationPlatforms) = postSolution
		{EAFB779C-8EA5-4AB0-8DBB-E588094225BB}.Debug|Any CPU.ActiveCfg = Debug|Any CPU
		{EAFB779C-8EA5-4AB0-8DBB-E588094225BB}.Debug|Any CPU.Build.0 = Debug|Any CPU
		{EAFB779C-8EA5-4AB0-8DBB-E588094225BB}.Release|Any CPU.ActiveCfg = Release|Any CPU
		{EAFB779C-8EA5-4AB0-8DBB-E588094225BB}.Release|Any CPU.Build.0 = Release|Any CPU
		{55D0BBC6-AB01-4454-875C-905677A13BF7}.Debug|Any CPU.ActiveCfg = Debug|Any CPU
		{55D0BBC6-AB01-4454-875C-905677A13BF7}.Debug|Any CPU.Build.0 = Debug|Any CPU
		{55D0BBC6-AB01-4454-875C-905677A13BF7}.Release|Any CPU.ActiveCfg = Release|Any CPU
		{55D0BBC6-AB01-4454-875C-905677A13BF7}.Release|Any CPU.Build.0 = Release|Any CPU
		{208049C6-AEE8-4784-9CC5-5940C03E8CD4}.Debug|Any CPU.ActiveCfg = Debug|Any CPU
		{208049C6-AEE8-4784-9CC5-5940C03E8CD4}.Debug|Any CPU.Build.0 = Debug|Any CPU
		{208049C6-AEE8-4784-9CC5-5940C03E8CD4}.Release|Any CPU.ActiveCfg = Release|Any CPU
		{208049C6-AEE8-4784-9CC5-5940C03E8CD4}.Release|Any CPU.Build.0 = Release|Any CPU
		{E1AE777D-339B-48C0-A50F-CF74EAB696C8}.Debug|Any CPU.ActiveCfg = Debug|Any CPU
		{E1AE777D-339B-48C0-A50F-CF74EAB696C8}.Debug|Any CPU.Build.0 = Debug|Any CPU
		{E1AE777D-339B-48C0-A50F-CF74EAB696C8}.Release|Any CPU.ActiveCfg = Release|Any CPU
		{E1AE777D-339B-48C0-A50F-CF74EAB696C8}.Release|Any CPU.Build.0 = Release|Any CPU
		{1DCB3942-6D82-4C7A-BF10-EA848EF270D2}.Debug|Any CPU.ActiveCfg = Debug|Any CPU
		{1DCB3942-6D82-4C7A-BF10-EA848EF270D2}.Debug|Any CPU.Build.0 = Debug|Any CPU
		{1DCB3942-6D82-4C7A-BF10-EA848EF270D2}.Release|Any CPU.ActiveCfg = Release|Any CPU
		{1DCB3942-6D82-4C7A-BF10-EA848EF270D2}.Release|Any CPU.Build.0 = Release|Any CPU
		{5D1F8B0C-8668-4243-AC6B-15F5B08B9B81}.Debug|Any CPU.ActiveCfg = Debug|Any CPU
		{5D1F8B0C-8668-4243-AC6B-15F5B08B9B81}.Debug|Any CPU.Build.0 = Debug|Any CPU
		{5D1F8B0C-8668-4243-AC6B-15F5B08B9B81}.Release|Any CPU.ActiveCfg = Release|Any CPU
		{5D1F8B0C-8668-4243-AC6B-15F5B08B9B81}.Release|Any CPU.Build.0 = Release|Any CPU
		{CF39B947-B91A-4582-93A8-4F9C1260337F}.Debug|Any CPU.ActiveCfg = Debug|Any CPU
		{CF39B947-B91A-4582-93A8-4F9C1260337F}.Debug|Any CPU.Build.0 = Debug|Any CPU
		{CF39B947-B91A-4582-93A8-4F9C1260337F}.Release|Any CPU.ActiveCfg = Release|Any CPU
		{CF39B947-B91A-4582-93A8-4F9C1260337F}.Release|Any CPU.Build.0 = Release|Any CPU
		{81D3C689-ABD9-4C70-A991-E59D40F1F522}.Debug|Any CPU.ActiveCfg = Debug|Any CPU
		{81D3C689-ABD9-4C70-A991-E59D40F1F522}.Debug|Any CPU.Build.0 = Debug|Any CPU
		{81D3C689-ABD9-4C70-A991-E59D40F1F522}.Release|Any CPU.ActiveCfg = Release|Any CPU
		{81D3C689-ABD9-4C70-A991-E59D40F1F522}.Release|Any CPU.Build.0 = Release|Any CPU
		{8EE2407A-3A4A-4845-96FC-DE7360D62ED0}.Debug|Any CPU.ActiveCfg = Debug|Any CPU
		{8EE2407A-3A4A-4845-96FC-DE7360D62ED0}.Debug|Any CPU.Build.0 = Debug|Any CPU
		{8EE2407A-3A4A-4845-96FC-DE7360D62ED0}.Release|Any CPU.ActiveCfg = Release|Any CPU
		{8EE2407A-3A4A-4845-96FC-DE7360D62ED0}.Release|Any CPU.Build.0 = Release|Any CPU
		{886D1A7A-90BE-4470-9782-16D2683681B8}.Debug|Any CPU.ActiveCfg = Debug|Any CPU
		{886D1A7A-90BE-4470-9782-16D2683681B8}.Debug|Any CPU.Build.0 = Debug|Any CPU
		{886D1A7A-90BE-4470-9782-16D2683681B8}.Release|Any CPU.ActiveCfg = Release|Any CPU
		{886D1A7A-90BE-4470-9782-16D2683681B8}.Release|Any CPU.Build.0 = Release|Any CPU
		{DF40ECE2-DEC3-4053-9ED1-E0F87A355274}.Debug|Any CPU.ActiveCfg = Debug|Any CPU
		{DF40ECE2-DEC3-4053-9ED1-E0F87A355274}.Debug|Any CPU.Build.0 = Debug|Any CPU
		{DF40ECE2-DEC3-4053-9ED1-E0F87A355274}.Release|Any CPU.ActiveCfg = Release|Any CPU
		{DF40ECE2-DEC3-4053-9ED1-E0F87A355274}.Release|Any CPU.Build.0 = Release|Any CPU
		{BFB8BE51-ACD2-4A26-A166-B3829E8E846D}.Debug|Any CPU.ActiveCfg = Debug|Any CPU
		{BFB8BE51-ACD2-4A26-A166-B3829E8E846D}.Debug|Any CPU.Build.0 = Debug|Any CPU
		{BFB8BE51-ACD2-4A26-A166-B3829E8E846D}.Release|Any CPU.ActiveCfg = Release|Any CPU
		{BFB8BE51-ACD2-4A26-A166-B3829E8E846D}.Release|Any CPU.Build.0 = Release|Any CPU
		{A5C574BB-D91A-4C5C-94E1-AD165D881C15}.Debug|Any CPU.ActiveCfg = Debug|Any CPU
		{A5C574BB-D91A-4C5C-94E1-AD165D881C15}.Debug|Any CPU.Build.0 = Debug|Any CPU
		{A5C574BB-D91A-4C5C-94E1-AD165D881C15}.Release|Any CPU.ActiveCfg = Release|Any CPU
		{A5C574BB-D91A-4C5C-94E1-AD165D881C15}.Release|Any CPU.Build.0 = Release|Any CPU
		{7DF69AE8-2002-41EB-97F5-920F824296F4}.Debug|Any CPU.ActiveCfg = Debug|Any CPU
		{7DF69AE8-2002-41EB-97F5-920F824296F4}.Debug|Any CPU.Build.0 = Debug|Any CPU
		{7DF69AE8-2002-41EB-97F5-920F824296F4}.Release|Any CPU.ActiveCfg = Release|Any CPU
		{7DF69AE8-2002-41EB-97F5-920F824296F4}.Release|Any CPU.Build.0 = Release|Any CPU
		{09E9FF74-1365-43BD-A349-481159CDE522}.Debug|Any CPU.ActiveCfg = Debug|Any CPU
		{09E9FF74-1365-43BD-A349-481159CDE522}.Debug|Any CPU.Build.0 = Debug|Any CPU
		{09E9FF74-1365-43BD-A349-481159CDE522}.Release|Any CPU.ActiveCfg = Release|Any CPU
		{09E9FF74-1365-43BD-A349-481159CDE522}.Release|Any CPU.Build.0 = Release|Any CPU
		{903207AD-E24A-4917-88F6-BADBF122932D}.Debug|Any CPU.ActiveCfg = Debug|Any CPU
		{903207AD-E24A-4917-88F6-BADBF122932D}.Debug|Any CPU.Build.0 = Debug|Any CPU
		{903207AD-E24A-4917-88F6-BADBF122932D}.Release|Any CPU.ActiveCfg = Release|Any CPU
		{903207AD-E24A-4917-88F6-BADBF122932D}.Release|Any CPU.Build.0 = Release|Any CPU
		{117E752F-A7C0-4665-950D-8CE35360DA1C}.Debug|Any CPU.ActiveCfg = Debug|Any CPU
		{117E752F-A7C0-4665-950D-8CE35360DA1C}.Debug|Any CPU.Build.0 = Debug|Any CPU
		{117E752F-A7C0-4665-950D-8CE35360DA1C}.Release|Any CPU.ActiveCfg = Release|Any CPU
		{117E752F-A7C0-4665-950D-8CE35360DA1C}.Release|Any CPU.Build.0 = Release|Any CPU
		{24EC9512-3AAA-4E63-B1C8-43EAC44822EC}.Debug|Any CPU.ActiveCfg = Debug|Any CPU
		{24EC9512-3AAA-4E63-B1C8-43EAC44822EC}.Debug|Any CPU.Build.0 = Debug|Any CPU
		{24EC9512-3AAA-4E63-B1C8-43EAC44822EC}.Release|Any CPU.ActiveCfg = Release|Any CPU
		{24EC9512-3AAA-4E63-B1C8-43EAC44822EC}.Release|Any CPU.Build.0 = Release|Any CPU
		{A1086A66-0294-41D6-A4F1-26BAE144540C}.Debug|Any CPU.ActiveCfg = Debug|Any CPU
		{A1086A66-0294-41D6-A4F1-26BAE144540C}.Debug|Any CPU.Build.0 = Debug|Any CPU
		{A1086A66-0294-41D6-A4F1-26BAE144540C}.Release|Any CPU.ActiveCfg = Release|Any CPU
		{A1086A66-0294-41D6-A4F1-26BAE144540C}.Release|Any CPU.Build.0 = Release|Any CPU
		{A826B39B-97FE-41E8-A4C4-EA327828645C}.Debug|Any CPU.ActiveCfg = Debug|Any CPU
		{A826B39B-97FE-41E8-A4C4-EA327828645C}.Debug|Any CPU.Build.0 = Debug|Any CPU
		{A826B39B-97FE-41E8-A4C4-EA327828645C}.Release|Any CPU.ActiveCfg = Release|Any CPU
		{A826B39B-97FE-41E8-A4C4-EA327828645C}.Release|Any CPU.Build.0 = Release|Any CPU
		{1AA994ED-F029-4940-909F-C6AD737FF4CF}.Debug|Any CPU.ActiveCfg = Debug|Any CPU
		{1AA994ED-F029-4940-909F-C6AD737FF4CF}.Debug|Any CPU.Build.0 = Debug|Any CPU
		{1AA994ED-F029-4940-909F-C6AD737FF4CF}.Release|Any CPU.ActiveCfg = Release|Any CPU
		{1AA994ED-F029-4940-909F-C6AD737FF4CF}.Release|Any CPU.Build.0 = Release|Any CPU
		{38DA9152-7823-4708-8B5F-E8D6052086FF}.Debug|Any CPU.ActiveCfg = Debug|Any CPU
		{38DA9152-7823-4708-8B5F-E8D6052086FF}.Debug|Any CPU.Build.0 = Debug|Any CPU
		{38DA9152-7823-4708-8B5F-E8D6052086FF}.Release|Any CPU.ActiveCfg = Release|Any CPU
		{38DA9152-7823-4708-8B5F-E8D6052086FF}.Release|Any CPU.Build.0 = Release|Any CPU
		{CFC4FE4D-4828-439A-A96F-295D98E9D3A6}.Debug|Any CPU.ActiveCfg = Debug|Any CPU
		{CFC4FE4D-4828-439A-A96F-295D98E9D3A6}.Debug|Any CPU.Build.0 = Debug|Any CPU
		{CFC4FE4D-4828-439A-A96F-295D98E9D3A6}.Release|Any CPU.ActiveCfg = Release|Any CPU
		{CFC4FE4D-4828-439A-A96F-295D98E9D3A6}.Release|Any CPU.Build.0 = Release|Any CPU
		{1DDE4902-DE74-4FE2-A1B7-BA33AC2121A5}.Debug|Any CPU.ActiveCfg = Debug|Any CPU
		{1DDE4902-DE74-4FE2-A1B7-BA33AC2121A5}.Debug|Any CPU.Build.0 = Debug|Any CPU
		{1DDE4902-DE74-4FE2-A1B7-BA33AC2121A5}.Release|Any CPU.ActiveCfg = Release|Any CPU
		{1DDE4902-DE74-4FE2-A1B7-BA33AC2121A5}.Release|Any CPU.Build.0 = Release|Any CPU
		{3C39A648-6976-4A3F-9606-7BB97B8C15D4}.Debug|Any CPU.ActiveCfg = Debug|Any CPU
		{3C39A648-6976-4A3F-9606-7BB97B8C15D4}.Debug|Any CPU.Build.0 = Debug|Any CPU
		{3C39A648-6976-4A3F-9606-7BB97B8C15D4}.Release|Any CPU.ActiveCfg = Release|Any CPU
		{3C39A648-6976-4A3F-9606-7BB97B8C15D4}.Release|Any CPU.Build.0 = Release|Any CPU
		{2FA54D1A-104D-4403-BB94-01F3A6037D06}.Debug|Any CPU.ActiveCfg = Debug|Any CPU
		{2FA54D1A-104D-4403-BB94-01F3A6037D06}.Debug|Any CPU.Build.0 = Debug|Any CPU
		{2FA54D1A-104D-4403-BB94-01F3A6037D06}.Release|Any CPU.ActiveCfg = Release|Any CPU
		{2FA54D1A-104D-4403-BB94-01F3A6037D06}.Release|Any CPU.Build.0 = Release|Any CPU
		{2954DA38-23A2-47C4-8336-38F7518A2AEC}.Debug|Any CPU.ActiveCfg = Debug|Any CPU
		{2954DA38-23A2-47C4-8336-38F7518A2AEC}.Release|Any CPU.ActiveCfg = Release|Any CPU
		{2954DA38-23A2-47C4-8336-38F7518A2AEC}.Release|Any CPU.Build.0 = Release|Any CPU
		{4460B69A-34B6-4731-A49E-CE33869B4F57}.Debug|Any CPU.ActiveCfg = Debug|Any CPU
		{4460B69A-34B6-4731-A49E-CE33869B4F57}.Debug|Any CPU.Build.0 = Debug|Any CPU
		{4460B69A-34B6-4731-A49E-CE33869B4F57}.Release|Any CPU.ActiveCfg = Release|Any CPU
		{4460B69A-34B6-4731-A49E-CE33869B4F57}.Release|Any CPU.Build.0 = Release|Any CPU
		{A37A2E9C-D510-40D1-89E1-AA8F67A7A959}.Debug|Any CPU.ActiveCfg = Debug|Any CPU
		{A37A2E9C-D510-40D1-89E1-AA8F67A7A959}.Debug|Any CPU.Build.0 = Debug|Any CPU
		{A37A2E9C-D510-40D1-89E1-AA8F67A7A959}.Release|Any CPU.ActiveCfg = Release|Any CPU
		{A37A2E9C-D510-40D1-89E1-AA8F67A7A959}.Release|Any CPU.Build.0 = Release|Any CPU
		{97BF7B57-E410-4E39-9960-6591E0D3C5B7}.Debug|Any CPU.ActiveCfg = Debug|Any CPU
		{97BF7B57-E410-4E39-9960-6591E0D3C5B7}.Debug|Any CPU.Build.0 = Debug|Any CPU
		{97BF7B57-E410-4E39-9960-6591E0D3C5B7}.Release|Any CPU.ActiveCfg = Release|Any CPU
		{97BF7B57-E410-4E39-9960-6591E0D3C5B7}.Release|Any CPU.Build.0 = Release|Any CPU
		{F5C1325F-93AC-419F-BAEB-7ECC6F11E120}.Debug|Any CPU.ActiveCfg = Debug|Any CPU
		{F5C1325F-93AC-419F-BAEB-7ECC6F11E120}.Debug|Any CPU.Build.0 = Debug|Any CPU
		{F5C1325F-93AC-419F-BAEB-7ECC6F11E120}.Release|Any CPU.ActiveCfg = Release|Any CPU
		{F5C1325F-93AC-419F-BAEB-7ECC6F11E120}.Release|Any CPU.Build.0 = Release|Any CPU
		{89776AD0-C74A-47B8-9E29-6977E335E944}.Debug|Any CPU.ActiveCfg = Debug|Any CPU
		{89776AD0-C74A-47B8-9E29-6977E335E944}.Debug|Any CPU.Build.0 = Debug|Any CPU
		{89776AD0-C74A-47B8-9E29-6977E335E944}.Release|Any CPU.ActiveCfg = Release|Any CPU
		{89776AD0-C74A-47B8-9E29-6977E335E944}.Release|Any CPU.Build.0 = Release|Any CPU
		{AF2BB03B-3EAC-4A1E-AD6E-4B318F2774C4}.Debug|Any CPU.ActiveCfg = Debug|Any CPU
		{AF2BB03B-3EAC-4A1E-AD6E-4B318F2774C4}.Debug|Any CPU.Build.0 = Debug|Any CPU
		{AF2BB03B-3EAC-4A1E-AD6E-4B318F2774C4}.Release|Any CPU.ActiveCfg = Release|Any CPU
		{AF2BB03B-3EAC-4A1E-AD6E-4B318F2774C4}.Release|Any CPU.Build.0 = Release|Any CPU
		{F7390833-9FC1-433A-9BF1-4F2AB1BDBA66}.Debug|Any CPU.ActiveCfg = Debug|Any CPU
		{F7390833-9FC1-433A-9BF1-4F2AB1BDBA66}.Debug|Any CPU.Build.0 = Debug|Any CPU
		{F7390833-9FC1-433A-9BF1-4F2AB1BDBA66}.Release|Any CPU.ActiveCfg = Release|Any CPU
		{F7390833-9FC1-433A-9BF1-4F2AB1BDBA66}.Release|Any CPU.Build.0 = Release|Any CPU
		{D2803AF2-3CD7-4102-BB74-063BC420259B}.Debug|Any CPU.ActiveCfg = Debug|Any CPU
		{D2803AF2-3CD7-4102-BB74-063BC420259B}.Debug|Any CPU.Build.0 = Debug|Any CPU
		{D2803AF2-3CD7-4102-BB74-063BC420259B}.Release|Any CPU.ActiveCfg = Release|Any CPU
		{D2803AF2-3CD7-4102-BB74-063BC420259B}.Release|Any CPU.Build.0 = Release|Any CPU
	EndGlobalSection
	GlobalSection(SolutionProperties) = preSolution
		HideSolutionNode = FALSE
	EndGlobalSection
	GlobalSection(NestedProjects) = preSolution
		{1DCB3942-6D82-4C7A-BF10-EA848EF270D2} = {B1954B13-F2CD-44C5-88AF-9BFB442DB7E4}
		{5D1F8B0C-8668-4243-AC6B-15F5B08B9B81} = {B1954B13-F2CD-44C5-88AF-9BFB442DB7E4}
		{CF39B947-B91A-4582-93A8-4F9C1260337F} = {B1954B13-F2CD-44C5-88AF-9BFB442DB7E4}
		{81D3C689-ABD9-4C70-A991-E59D40F1F522} = {92338680-B1F3-4DF7-9EFC-A87EDD240D55}
		{8EE2407A-3A4A-4845-96FC-DE7360D62ED0} = {92338680-B1F3-4DF7-9EFC-A87EDD240D55}
		{886D1A7A-90BE-4470-9782-16D2683681B8} = {A804FC25-B219-4185-BEAF-6692C141D2D2}
		{BFB8BE51-ACD2-4A26-A166-B3829E8E846D} = {939ACD27-E0F6-4502-83A5-9C35C7A6993B}
		{A5C574BB-D91A-4C5C-94E1-AD165D881C15} = {939ACD27-E0F6-4502-83A5-9C35C7A6993B}
		{7DF69AE8-2002-41EB-97F5-920F824296F4} = {939ACD27-E0F6-4502-83A5-9C35C7A6993B}
		{09E9FF74-1365-43BD-A349-481159CDE522} = {939ACD27-E0F6-4502-83A5-9C35C7A6993B}
		{903207AD-E24A-4917-88F6-BADBF122932D} = {939ACD27-E0F6-4502-83A5-9C35C7A6993B}
		{117E752F-A7C0-4665-950D-8CE35360DA1C} = {C4C164B8-4C1B-47DC-96C6-11B1268CE2C0}
		{24EC9512-3AAA-4E63-B1C8-43EAC44822EC} = {C4C164B8-4C1B-47DC-96C6-11B1268CE2C0}
		{1DDE4902-DE74-4FE2-A1B7-BA33AC2121A5} = {E9ED74CC-3C43-42D2-BA10-D2D0A8F5EDAA}
		{3C39A648-6976-4A3F-9606-7BB97B8C15D4} = {E9ED74CC-3C43-42D2-BA10-D2D0A8F5EDAA}
		{A37A2E9C-D510-40D1-89E1-AA8F67A7A959} = {5421BE56-503E-4461-A130-7DAA2A32E1F0}
		{97BF7B57-E410-4E39-9960-6591E0D3C5B7} = {5421BE56-503E-4461-A130-7DAA2A32E1F0}
		{F5C1325F-93AC-419F-BAEB-7ECC6F11E120} = {5421BE56-503E-4461-A130-7DAA2A32E1F0}
		{89776AD0-C74A-47B8-9E29-6977E335E944} = {17157884-A894-4AF4-B0E6-2590C980AB3E}
		{AF2BB03B-3EAC-4A1E-AD6E-4B318F2774C4} = {17157884-A894-4AF4-B0E6-2590C980AB3E}
		{F7390833-9FC1-433A-9BF1-4F2AB1BDBA66} = {17157884-A894-4AF4-B0E6-2590C980AB3E}
		{D2803AF2-3CD7-4102-BB74-063BC420259B} = {11552831-BBF2-45E2-B0BD-6025AEA1CCBB}
	EndGlobalSection
	GlobalSection(ExtensibilityGlobals) = postSolution
		SolutionGuid = {0E81844A-4F95-4F36-963A-93D308328FE2}
	EndGlobalSection
EndGlobal
