
Microsoft Visual Studio Solution File, Format Version 12.00
# Visual Studio 15
VisualStudioVersion = 15.0.27130.2026
MinimumVisualStudioVersion = 10.0.40219.1
Project("{FAE04EC0-301F-11D3-BF4B-00C04F79EFBC}") = "MVVMDemo", "MVVMDemo\MVVMDemo.csproj", "{CA14FDC0-BE30-433F-A7A1-7270001CC040}"
EndProject
Global
	GlobalSection(SolutionConfigurationPlatforms) = preSolution
		Debug|Any CPU = Debug|Any CPU
		Release|Any CPU = Release|Any CPU
	EndGlobalSection
	GlobalSection(ProjectConfigurationPlatforms) = postSolution
		{CA14FDC0-BE30-433F-A7A1-7270001CC040}.Debug|Any CPU.ActiveCfg = Debug|Any CPU
		{CA14FDC0-BE30-433F-A7A1-7270001CC040}.Debug|Any CPU.Build.0 = Debug|Any CPU
		{CA14FDC0-BE30-433F-A7A1-7270001CC040}.Release|Any CPU.ActiveCfg = Release|Any CPU
		{CA14FDC0-BE30-433F-A7A1-7270001CC040}.Release|Any CPU.Build.0 = Release|Any CPU
	EndGlobalSection
	GlobalSection(SolutionProperties) = preSolution
		HideSolutionNode = FALSE
	EndGlobalSection
	GlobalSection(ExtensibilityGlobals) = postSolution
		SolutionGuid = {47AE550C-C8F5-42CE-8D65-15786FFF85D5}
	EndGlobalSection
EndGlobal
